<?xml version="1.0" encoding="utf-8"?>
<Project ToolsVersion="4.0" xmlns="http://schemas.microsoft.com/developer/msbuild/2003">
  <ItemGroup>
    <Filter Include="Source Files">
      <UniqueIdentifier>{4FC737F1-C7A5-4376-A066-2A32D752A2FF}</UniqueIdentifier>
      <Extensions>cpp;c;cc;cxx;c++;cppm;ixx;def;odl;idl;hpj;bat;asm;asmx</Extensions>
    </Filter>
    <Filter Include="Header Files">
      <UniqueIdentifier>{93995380-89BD-4b04-88EB-625FBE52EBFB}</UniqueIdentifier>
      <Extensions>h;hh;hpp;hxx;h++;hm;inl;inc;ipp;xsd</Extensions>
    </Filter>
    <Filter Include="Resource Files">
      <UniqueIdentifier>{67DA6AB6-F800-4c08-8B7A-83BB121AAD01}</UniqueIdentifier>
      <Extensions>rc;ico;cur;bmp;dlg;rc2;rct;bin;rgs;gif;jpg;jpeg;jpe;resx;tiff;tif;png;wav;mfcribbon-ms</Extensions>
    </Filter>
  </ItemGroup>
  <ItemGroup>
    <ClCompile Include="main.cpp">
      <Filter>Source Files</Filter>
    </ClCompile>
    <ClCompile Include="RenderEngine\Source\PS_Renderer.cpp">
      <Filter>Source Files</Filter>
    </ClCompile>
    <ClCompile Include="RenderEngine\Source\PS_Window.cpp">
      <Filter>Source Files</Filter>
    </ClCompile>
    <ClCompile Include="RenderEngine\Source\PS_Device.cpp">
      <Filter>Source Files</Filter>
    </ClCompile>
    <ClCompile Include="RenderEngine\Source\PS_SwapChain.cpp">
      <Filter>Source Files</Filter>
    </ClCompile>
    <ClCompile Include="RenderEngine\Source\PS_Pipeline.cpp">
      <Filter>Source Files</Filter>
    </ClCompile>
    <ClCompile Include="RenderEngine\Source\PS_Allocator.cpp">
      <Filter>Source Files</Filter>
    </ClCompile>
    <ClCompile Include="GameEngine\Source\PS_GameObject.cpp">
      <Filter>Source Files</Filter>
    </ClCompile>
    <ClCompile Include="GameEngine\Source\PS_GameLevel.cpp">
      <Filter>Source Files</Filter>
    </ClCompile>
    <ClCompile Include="GameEngine\Source\PS_GameInstance.cpp">
      <Filter>Source Files</Filter>
    </ClCompile>
    <ClCompile Include="GameEngine\Source\PS_GameMesh.cpp">
      <Filter>Source Files</Filter>
    </ClCompile>
    <ClCompile Include="Handlers\Source\PS_TextureHandler.cpp">
      <Filter>Source Files</Filter>
    </ClCompile>
    <ClCompile Include="Handlers\Source\PS_ModelHandler.cpp">
      <Filter>Source Files</Filter>
    </ClCompile>
    <ClCompile Include="GameEngine\Source\PS_GameCamera.cpp">
      <Filter>Source Files</Filter>
    </ClCompile>
    <ClCompile Include="Handlers\Source\PS_KeyboardHandler.cpp">
      <Filter>Source Files</Filter>
    </ClCompile>
    <ClCompile Include="Handlers\Source\PS_MouseHandler.cpp">
      <Filter>Source Files</Filter>
    </ClCompile>
    <ClCompile Include="Handlers\Source\PS_FileHandler.cpp">
      <Filter>Source Files</Filter>
    </ClCompile>
    <ClCompile Include="RenderEngine\Source\PS_RenderGeneric.cpp">
      <Filter>Source Files</Filter>
    </ClCompile>
    <ClCompile Include="Handlers\Source\PS_BufferHandler.cpp">
      <Filter>Source Files</Filter>
    </ClCompile>
    <ClCompile Include="RenderEngine\Source\PS_RenderPass.cpp">
      <Filter>Source Files</Filter>
    </ClCompile>
    <ClCompile Include="RenderEngine\Source\PS_Shader.cpp">
      <Filter>Source Files</Filter>
    </ClCompile>
    <ClCompile Include="RenderEngine\Source\PS_Descriptor.cpp">
      <Filter>Source Files</Filter>
    </ClCompile>
    <ClCompile Include="UI\Source\UI_Widget.cpp">
      <Filter>Source Files</Filter>
    </ClCompile>
  </ItemGroup>
  <ItemGroup>
    <ClInclude Include="Libraries\imgui\backends\imgui_impl_vulkan_but_betters.h">
      <Filter>Header Files</Filter>
    </ClInclude>
    <ClInclude Include="RenderEngine\Headers\PS_Renderer.hpp">
      <Filter>Header Files</Filter>
    </ClInclude>
    <ClInclude Include="RenderEngine\Headers\PS_EngineGeneric.hpp">
      <Filter>Header Files</Filter>
    </ClInclude>
    <ClInclude Include="RenderEngine\Headers\PS_Window.hpp">
      <Filter>Header Files</Filter>
    </ClInclude>
    <ClInclude Include="RenderEngine\Headers\PS_Device.hpp">
      <Filter>Header Files</Filter>
    </ClInclude>
    <ClInclude Include="RenderEngine\Headers\PS_SwapChain.hpp">
      <Filter>Header Files</Filter>
    </ClInclude>
    <ClInclude Include="RenderEngine\Headers\PS_Pipeline.hpp">
      <Filter>Header Files</Filter>
    </ClInclude>
    <ClInclude Include="RenderEngine\Headers\PS_Allocator.hpp">
      <Filter>Header Files</Filter>
    </ClInclude>
    <ClInclude Include="Handlers\Headers\PS_ColorHandler.hpp">
      <Filter>Header Files</Filter>
    </ClInclude>
    <ClInclude Include="GameEngine\Headers\PS_GameGeneric.hpp">
      <Filter>Header Files</Filter>
    </ClInclude>
    <ClInclude Include="GameEngine\Headers\PS_GameObject.hpp">
      <Filter>Header Files</Filter>
    </ClInclude>
    <ClInclude Include="GameEngine\Headers\PS_GameLevel.hpp">
      <Filter>Header Files</Filter>
    </ClInclude>
    <ClInclude Include="GameEngine\Headers\PS_GameInstance.hpp">
      <Filter>Header Files</Filter>
    </ClInclude>
    <ClInclude Include="GameEngine\Headers\PS_GameMesh.hpp">
      <Filter>Header Files</Filter>
    </ClInclude>
    <ClInclude Include="Handlers\Headers\PS_TextureHandler.hpp">
      <Filter>Header Files</Filter>
    </ClInclude>
    <ClInclude Include="Handlers\Headers\PS_ModelHandler.hpp">
      <Filter>Header Files</Filter>
    </ClInclude>
    <ClInclude Include="GameEngine\Headers\PS_GameCamera.hpp">
      <Filter>Header Files</Filter>
    </ClInclude>
    <ClInclude Include="Handlers\Headers\PS_KeyboardHandler.hpp">
      <Filter>Header Files</Filter>
    </ClInclude>
    <ClInclude Include="Handlers\Headers\PS_MouseHandler.hpp">
      <Filter>Header Files</Filter>
    </ClInclude>
    <ClInclude Include="Handlers\Headers\PS_FileHandler.hpp">
      <Filter>Header Files</Filter>
    </ClInclude>
    <ClInclude Include="Handlers\Headers\PS_BufferHandler.hpp">
      <Filter>Header Files</Filter>
    </ClInclude>
    <ClInclude Include="RenderEngine\Headers\PS_RenderPass.hpp">
      <Filter>Header Files</Filter>
    </ClInclude>
    <ClInclude Include="RenderEngine\Headers\PS_Shader.hpp">
      <Filter>Header Files</Filter>
    </ClInclude>
    <ClInclude Include="RenderEngine\Headers\PS_Descriptor.hpp">
      <Filter>Header Files</Filter>
    </ClInclude>
    <ClInclude Include="UI\Headers\UI_Widget.hpp">
      <Filter>Header Files</Filter>
    </ClInclude>
    <ClInclude Include="UI\Headers\UI_Generic.hpp">
      <Filter>Header Files</Filter>
    </ClInclude>
  </ItemGroup>
  <ItemGroup>
    <None Include="Shader\shader.vert" />
    <None Include="Shader\shader.frag" />
    <None Include="Shaders\unlit_shader.vert" />
    <None Include="Shaders\unlit_shader.frag" />
  </ItemGroup>
</Project>